# This file is automatically @generated by Cargo.
# It is not intended for manual editing.
[[package]]
name = "glam"
version = "0.12.0"
source = "registry+https://github.com/rust-lang/crates.io-index"
checksum = "2ad8819b352632f676098176a51e11e324e8cee4c2518dd67e58c36b848438e6"
dependencies = [
 "version_check",
]

[[package]]
name = "rustracer"
version = "0.1.0"
dependencies = [
 "glam",
]

[[package]]
name = "version_check"
version = "0.9.2"
source = "registry+https://github.com/rust-lang/crates.io-index"
checksum = "b5a972e5669d67ba988ce3dc826706fb0a8b01471c088cb0b6110b805cc36aed"
